// !$*UTF8*$!
{
	archiveVersion = 1;
	classes = {
	};
	objectVersion = 50;
	objects = {

/* Begin PBXBuildFile section */
		344C0001238C308900F0E8E0 /* Preview Assets.xcassets in Resources */ = {isa = PBXBuildFile; fileRef = 344C0000238C308900F0E8E0 /* Preview Assets.xcassets */; };
		344C0004238C308900F0E8E0 /* LaunchScreen.storyboard in Resources */ = {isa = PBXBuildFile; fileRef = 344C0002238C308900F0E8E0 /* LaunchScreen.storyboard */; };
		344C000C238C31BD00F0E8E0 /* SecondScreen.swift in Sources */ = {isa = PBXBuildFile; fileRef = 344C000B238C31BD00F0E8E0 /* SecondScreen.swift */; };
		344C000E238C350900F0E8E0 /* ThirdScreen.swift in Sources */ = {isa = PBXBuildFile; fileRef = 344C000D238C350900F0E8E0 /* ThirdScreen.swift */; };
		344CFFF8238C308700F0E8E0 /* AppDelegate.swift in Sources */ = {isa = PBXBuildFile; fileRef = 344CFFF7238C308700F0E8E0 /* AppDelegate.swift */; };
		344CFFFA238C308700F0E8E0 /* SceneDelegate.swift in Sources */ = {isa = PBXBuildFile; fileRef = 344CFFF9238C308700F0E8E0 /* SceneDelegate.swift */; };
		344CFFFC238C308700F0E8E0 /* ContentView.swift in Sources */ = {isa = PBXBuildFile; fileRef = 344CFFFB238C308700F0E8E0 /* ContentView.swift */; };
		344CFFFE238C308900F0E8E0 /* Assets.xcassets in Resources */ = {isa = PBXBuildFile; fileRef = 344CFFFD238C308900F0E8E0 /* Assets.xcassets */; };
/* End PBXBuildFile section */

/* Begin PBXFileReference section */
		344C0000238C308900F0E8E0 /* Preview Assets.xcassets */ = {isa = PBXFileReference; lastKnownFileType = folder.assetcatalog; path = "Preview Assets.xcassets"; sourceTree = "<group>"; };
		344C0003238C308900F0E8E0 /* Base */ = {isa = PBXFileReference; lastKnownFileType = file.storyboard; name = Base; path = Base.lproj/LaunchScreen.storyboard; sourceTree = "<group>"; };
		344C0005238C308900F0E8E0 /* Info.plist */ = {isa = PBXFileReference; lastKnownFileType = text.plist.xml; path = Info.plist; sourceTree = "<group>"; };
		344C000B238C31BD00F0E8E0 /* SecondScreen.swift */ = {isa = PBXFileReference; lastKnownFileType = sourcecode.swift; path = SecondScreen.swift; sourceTree = "<group>"; };
		344C000D238C350900F0E8E0 /* ThirdScreen.swift */ = {isa = PBXFileReference; lastKnownFileType = sourcecode.swift; path = ThirdScreen.swift; sourceTree = "<group>"; };
		344CFFF4238C308700F0E8E0 /* TestBench2.app */ = {isa = PBXFileReference; explicitFileType = wrapper.application; includeInIndex = 0; path = TestBench2.app; sourceTree = BUILT_PRODUCTS_DIR; };
		344CFFF7238C308700F0E8E0 /* AppDelegate.swift */ = {isa = PBXFileReference; lastKnownFileType = sourcecode.swift; path = AppDelegate.swift; sourceTree = "<group>"; };
		344CFFF9238C308700F0E8E0 /* SceneDelegate.swift */ = {isa = PBXFileReference; lastKnownFileType = sourcecode.swift; path = SceneDelegate.swift; sourceTree = "<group>"; };
		344CFFFB238C308700F0E8E0 /* ContentView.swift */ = {isa = PBXFileReference; lastKnownFileType = sourcecode.swift; path = ContentView.swift; sourceTree = "<group>"; };
		344CFFFD238C308900F0E8E0 /* Assets.xcassets */ = {isa = PBXFileReference; lastKnownFileType = folder.assetcatalog; path = Assets.xcassets; sourceTree = "<group>"; };
/* End PBXFileReference section */

/* Begin PBXFrameworksBuildPhase section */
		344CFFF1238C308700F0E8E0 /* Frameworks */ = {
			isa = PBXFrameworksBuildPhase;
			buildActionMask = 2147483647;
			files = (
			);
			runOnlyForDeploymentPostprocessing = 0;
		};
/* End PBXFrameworksBuildPhase section */

/* Begin PBXGroup section */
		344CFFEB238C308700F0E8E0 = {
			isa = PBXGroup;
			children = (
				344CFFF6238C308700F0E8E0 /* TestBench2 */,
				344CFFF5238C308700F0E8E0 /* Products */,
			);
			sourceTree = "<group>";
		};
		344CFFF5238C308700F0E8E0 /* Products */ = {
			isa = PBXGroup;
			children = (
				344CFFF4238C308700F0E8E0 /* TestBench2.app */,
			);
			name = Products;
			sourceTree = "<group>";
		};
		344CFFF6238C308700F0E8E0 /* TestBench2 */ = {
			isa = PBXGroup;
			children = (
				344CFFF7238C308700F0E8E0 /* AppDelegate.swift */,
				344CFFF9238C308700F0E8E0 /* SceneDelegate.swift */,
				344CFFFB238C308700F0E8E0 /* ContentView.swift */,
				344C000B238C31BD00F0E8E0 /* SecondScreen.swift */,
				344C000D238C350900F0E8E0 /* ThirdScreen.swift */,
				344CFFFD238C308900F0E8E0 /* Assets.xcassets */,
				344C0002238C308900F0E8E0 /* LaunchScreen.storyboard */,
				344C0005238C308900F0E8E0 /* Info.plist */,
				344CFFFF238C308900F0E8E0 /* Preview Content */,
			);
			path = TestBench2;
			sourceTree = "<group>";
		};
		344CFFFF238C308900F0E8E0 /* Preview Content */ = {
			isa = PBXGroup;
			children = (
				344C0000238C308900F0E8E0 /* Preview Assets.xcassets */,
			);
			path = "Preview Content";
			sourceTree = "<group>";
		};
/* End PBXGroup section */

/* Begin PBXNativeTarget section */
		344CFFF3238C308700F0E8E0 /* TestBench2 */ = {
			isa = PBXNativeTarget;
			buildConfigurationList = 344C0008238C308900F0E8E0 /* Build configuration list for PBXNativeTarget "TestBench2" */;
			buildPhases = (
				344CFFF0238C308700F0E8E0 /* Sources */,
				344CFFF1238C308700F0E8E0 /* Frameworks */,
				344CFFF2238C308700F0E8E0 /* Resources */,
			);
			buildRules = (
			);
			dependencies = (
			);
			name = TestBench2;
			productName = TestBench2;
			productReference = 344CFFF4238C308700F0E8E0 /* TestBench2.app */;
			productType = "com.apple.product-type.application";
		};
/* End PBXNativeTarget section */

/* Begin PBXProject section */
		344CFFEC238C308700F0E8E0 /* Project object */ = {
			isa = PBXProject;
			attributes = {
				LastSwiftUpdateCheck = 1120;
				LastUpgradeCheck = 1120;
				ORGANIZATIONNAME = "Utkarsh Shekhar";
				TargetAttributes = {
					344CFFF3238C308700F0E8E0 = {
						CreatedOnToolsVersion = 11.2.1;
					};
				};
			};
			buildConfigurationList = 344CFFEF238C308700F0E8E0 /* Build configuration list for PBXProject "TestBench2" */;
			compatibilityVersion = "Xcode 9.3";
			developmentRegion = en;
			hasScannedForEncodings = 0;
			knownRegions = (
				en,
				Base,
			);
			mainGroup = 344CFFEB238C308700F0E8E0;
			productRefGroup = 344CFFF5238C308700F0E8E0 /* Products */;
			projectDirPath = "";
			projectRoot = "";
			targets = (
				344CFFF3238C308700F0E8E0 /* TestBench2 */,
			);
		};
/* End PBXProject section */

/* Begin PBXResourcesBuildPhase section */
		344CFFF2238C308700F0E8E0 /* Resources */ = {
			isa = PBXResourcesBuildPhase;
			buildActionMask = 2147483647;
			files = (
				344C0004238C308900F0E8E0 /* LaunchScreen.storyboard in Resources */,
				344C0001238C308900F0E8E0 /* Preview Assets.xcassets in Resources */,
				344CFFFE238C308900F0E8E0 /* Assets.xcassets in Resources */,
			);
			runOnlyForDeploymentPostprocessing = 0;
		};
/* End PBXResourcesBuildPhase section */

/* Begin PBXSourcesBuildPhase section */
		344CFFF0238C308700F0E8E0 /* Sources */ = {
			isa = PBXSourcesBuildPhase;
			buildActionMask = 2147483647;
			files = (
				344CFFF8238C308700F0E8E0 /* AppDelegate.swift in Sources */,
				344C000C238C31BD00F0E8E0 /* SecondScreen.swift in Sources */,
				344C000E238C350900F0E8E0 /* ThirdScreen.swift in Sources */,
				344CFFFA238C308700F0E8E0 /* SceneDelegate.swift in Sources */,
				344CFFFC238C308700F0E8E0 /* ContentView.swift in Sources */,
			);
			runOnlyForDeploymentPostprocessing = 0;
		};
/* End PBXSourcesBuildPhase section */

/* Begin PBXVariantGroup section */
		344C0002238C308900F0E8E0 /* LaunchScreen.storyboard */ = {
			isa = PBXVariantGroup;
			children = (
				344C0003238C308900F0E8E0 /* Base */,
			);
			name = LaunchScreen.storyboard;
			sourceTree = "<group>";
		};
/* End PBXVariantGroup section */

/* Begin XCBuildConfiguration section */
		344C0006238C308900F0E8E0 /* Debug */ = {
			isa = XCBuildConfiguration;
			buildSettings = {
				ALWAYS_SEARCH_USER_PATHS = NO;
				CLANG_ANALYZER_NONNULL = YES;
				CLANG_ANALYZER_NUMBER_OBJECT_CONVERSION = YES_AGGRESSIVE;
				CLANG_CXX_LANGUAGE_STANDARD = "gnu++14";
				CLANG_CXX_LIBRARY = "libc++";
				CLANG_ENABLE_MODULES = YES;
				CLANG_ENABLE_OBJC_ARC = YES;
				CLANG_ENABLE_OBJC_WEAK = YES;
				CLANG_WARN_BLOCK_CAPTURE_AUTORELEASING = YES;
				CLANG_WARN_BOOL_CONVERSION = YES;
				CLANG_WARN_COMMA = YES;
				CLANG_WARN_CONSTANT_CONVERSION = YES;
				CLANG_WARN_DEPRECATED_OBJC_IMPLEMENTATIONS = YES;
				CLANG_WARN_DIRECT_OBJC_ISA_USAGE = YES_ERROR;
				CLANG_WARN_DOCUMENTATION_COMMENTS = YES;
				CLANG_WARN_EMPTY_BODY = YES;
				CLANG_WARN_ENUM_CONVERSION = YES;
				CLANG_WARN_INFINITE_RECURSION = YES;
				CLANG_WARN_INT_CONVERSION = YES;
				CLANG_WARN_NON_LITERAL_NULL_CONVERSION = YES;
				CLANG_WARN_OBJC_IMPLICIT_RETAIN_SELF = YES;
				CLANG_WARN_OBJC_LITERAL_CONVERSION = YES;
				CLANG_WARN_OBJC_ROOT_CLASS = YES_ERROR;
				CLANG_WARN_RANGE_LOOP_ANALYSIS = YES;
				CLANG_WARN_STRICT_PROTOTYPES = YES;
				CLANG_WARN_SUSPICIOUS_MOVE = YES;
				CLANG_WARN_UNGUARDED_AVAILABILITY = YES_AGGRESSIVE;
				CLANG_WARN_UNREACHABLE_CODE = YES;
				CLANG_WARN__DUPLICATE_METHOD_MATCH = YES;
				COPY_PHASE_STRIP = NO;
				DEBUG_INFORMATION_FORMAT = dwarf;
				ENABLE_STRICT_OBJC_MSGSEND = YES;
				ENABLE_TESTABILITY = YES;
				GCC_C_LANGUAGE_STANDARD = gnu11;
				GCC_DYNAMIC_NO_PIC = NO;
				GCC_NO_COMMON_BLOCKS = YES;
				GCC_OPTIMIZATION_LEVEL = 0;
				GCC_PREPROCESSOR_DEFINITIONS = (
					"DEBUG=1",
					"$(inherited)",
				);
				GCC_WARN_64_TO_32_BIT_CONVERSION = YES;
				GCC_WARN_ABOUT_RETURN_TYPE = YES_ERROR;
				GCC_WARN_UNDECLARED_SELECTOR = YES;
				GCC_WARN_UNINITIALIZED_AUTOS = YES_AGGRESSIVE;
				GCC_WARN_UNUSED_FUNCTION = YES;
				GCC_WARN_UNUSED_VARIABLE = YES;
				IPHONEOS_DEPLOYMENT_TARGET = 13.2;
				MTL_ENABLE_DEBUG_INFO = INCLUDE_SOURCE;
				MTL_FAST_MATH = YES;
				ONLY_ACTIVE_ARCH = YES;
				SDKROOT = iphoneos;
				SWIFT_ACTIVE_COMPILATION_CONDITIONS = DEBUG;
				SWIFT_OPTIMIZATION_LEVEL = "-Onone";
			};
			name = Debug;
		};
		344C0007238C308900F0E8E0 /* Release */ = {
			isa = XCBuildConfiguration;
			buildSettings = {
				ALWAYS_SEARCH_USER_PATHS = NO;
				CLANG_ANALYZER_NONNULL = YES;
				CLANG_ANALYZER_NUMBER_OBJECT_CONVERSION = YES_AGGRESSIVE;
				CLANG_CXX_LANGUAGE_STANDARD = "gnu++14";
				CLANG_CXX_LIBRARY = "libc++";
				CLANG_ENABLE_MODULES = YES;
				CLANG_ENABLE_OBJC_ARC = YES;
				CLANG_ENABLE_OBJC_WEAK = YES;
				CLANG_WARN_BLOCK_CAPTURE_AUTORELEASING = YES;
				CLANG_WARN_BOOL_CONVERSION = YES;
				CLANG_WARN_COMMA = YES;
				CLANG_WARN_CONSTANT_CONVERSION = YES;
				CLANG_WARN_DEPRECATED_OBJC_IMPLEMENTATIONS = YES;
				CLANG_WARN_DIRECT_OBJC_ISA_USAGE = YES_ERROR;
				CLANG_WARN_DOCUMENTATION_COMMENTS = YES;
				CLANG_WARN_EMPTY_BODY = YES;
				CLANG_WARN_ENUM_CONVERSION = YES;
				CLANG_WARN_INFINITE_RECURSION = YES;
				CLANG_WARN_INT_CONVERSION = YES;
				CLANG_WARN_NON_LITERAL_NULL_CONVERSION = YES;
				CLANG_WARN_OBJC_IMPLICIT_RETAIN_SELF = YES;
				CLANG_WARN_OBJC_LITERAL_CONVERSION = YES;
				CLANG_WARN_OBJC_ROOT_CLASS = YES_ERROR;
				CLANG_WARN_RANGE_LOOP_ANALYSIS = YES;
				CLANG_WARN_STRICT_PROTOTYPES = YES;
				CLANG_WARN_SUSPICIOUS_MOVE = YES;
				CLANG_WARN_UNGUARDED_AVAILABILITY = YES_AGGRESSIVE;
				CLANG_WARN_UNREACHABLE_CODE = YES;
				CLANG_WARN__DUPLICATE_METHOD_MATCH = YES;
				COPY_PHASE_STRIP = NO;
				DEBUG_INFORMATION_FORMAT = "dwarf-with-dsym";
				ENABLE_NS_ASSERTIONS = NO;
				ENABLE_STRICT_OBJC_MSGSEND = YES;
				GCC_C_LANGUAGE_STANDARD = gnu11;
				GCC_NO_COMMON_BLOCKS = YES;
				GCC_WARN_64_TO_32_BIT_CONVERSION = YES;
				GCC_WARN_ABOUT_RETURN_TYPE = YES_ERROR;
				GCC_WARN_UNDECLARED_SELECTOR = YES;
				GCC_WARN_UNINITIALIZED_AUTOS = YES_AGGRESSIVE;
				GCC_WARN_UNUSED_FUNCTION = YES;
				GCC_WARN_UNUSED_VARIABLE = YES;
				IPHONEOS_DEPLOYMENT_TARGET = 13.2;
				MTL_ENABLE_DEBUG_INFO = NO;
				MTL_FAST_MATH = YES;
				SDKROOT = iphoneos;
				SWIFT_COMPILATION_MODE = wholemodule;
				SWIFT_OPTIMIZATION_LEVEL = "-O";
				VALIDATE_PRODUCT = YES;
			};
			name = Release;
		};
		344C0009238C308900F0E8E0 /* Debug */ = {
			isa = XCBuildConfiguration;
			buildSettings = {
				ASSETCATALOG_COMPILER_APPICON_NAME = AppIcon;
				CODE_SIGN_STYLE = Automatic;
				DEVELOPMENT_ASSET_PATHS = "\"TestBench2/Preview Content\"";
				DEVELOPMENT_TEAM = 89C8JP6897;
				ENABLE_PREVIEWS = YES;
				INFOPLIST_FILE = TestBench2/Info.plist;
				LD_RUNPATH_SEARCH_PATHS = (
					"$(inherited)",
					"@executable_path/Frameworks",
				);
				PRODUCT_BUNDLE_IDENTIFIER = com.utkarshshekhar.TestBench2;
				PRODUCT_NAME = "$(TARGET_NAME)";
				SWIFT_VERSION = 5.0;
				TARGETED_DEVICE_FAMILY = "1,2";
			};
			name = Debug;
		};
		344C000A238C308900F0E8E0 /* Release */ = {
			isa = XCBuildConfiguration;
			buildSettings = {
				ASSETCATALOG_COMPILER_APPICON_NAME = AppIcon;
				CODE_SIGN_STYLE = Automatic;
				DEVELOPMENT_ASSET_PATHS = "\"TestBench2/Preview Content\"";
				DEVELOPMENT_TEAM = 89C8JP6897;
				ENABLE_PREVIEWS = YES;
				INFOPLIST_FILE = TestBench2/Info.plist;
				LD_RUNPATH_SEARCH_PATHS = (
					"$(inherited)",
					"@executable_path/Frameworks",
				);
				PRODUCT_BUNDLE_IDENTIFIER = com.utkarshshekhar.TestBench2;
				PRODUCT_NAME = "$(TARGET_NAME)";
				SWIFT_VERSION = 5.0;
				TARGETED_DEVICE_FAMILY = "1,2";
			};
			name = Release;
		};
/* End XCBuildConfiguration section */

/* Begin XCConfigurationList section */
		344C0008238C308900F0E8E0 /* Build configuration list for PBXNativeTarget "TestBench2" */ = {
			isa = XCConfigurationList;
			buildConfigurations = (
				344C0009238C308900F0E8E0 /* Debug */,
				344C000A238C308900F0E8E0 /* Release */,
			);
			defaultConfigurationIsVisible = 0;
			defaultConfigurationName = Release;
		};
		344CFFEF238C308700F0E8E0 /* Build configuration list for PBXProject "TestBench2" */ = {
			isa = XCConfigurationList;
			buildConfigurations = (
				344C0006238C308900F0E8E0 /* Debug */,
				344C0007238C308900F0E8E0 /* Release */,
			);
			defaultConfigurationIsVisible = 0;
			defaultConfigurationName = Release;
		};
/* End XCConfigurationList section */
	};
	rootObject = 344CFFEC238C308700F0E8E0 /* Project object */;
}
